
Microsoft Visual Studio Solution File, Format Version 12.00
# Visual Studio Version 16
VisualStudioVersion = 16.0.33214.272
MinimumVisualStudioVersion = 10.0.40219.1
Project("{FAE04EC0-301F-11D3-BF4B-00C04F79EFBC}") = "projeto_para_estudos", "projeto_para_estudos.csproj", "{ADB1C2B2-073C-4B4C-896B-764999267F1D}"
EndProject
Global
	GlobalSection(SolutionConfigurationPlatforms) = preSolution
		Debug|Any CPU = Debug|Any CPU
		Release|Any CPU = Release|Any CPU
	EndGlobalSection
	GlobalSection(ProjectConfigurationPlatforms) = postSolution
		{ADB1C2B2-073C-4B4C-896B-764999267F1D}.Debug|Any CPU.ActiveCfg = Debug|Any CPU
		{ADB1C2B2-073C-4B4C-896B-764999267F1D}.Debug|Any CPU.Build.0 = Debug|Any CPU
		{ADB1C2B2-073C-4B4C-896B-764999267F1D}.Release|Any CPU.ActiveCfg = Release|Any CPU
		{ADB1C2B2-073C-4B4C-896B-764999267F1D}.Release|Any CPU.Build.0 = Release|Any CPU
	EndGlobalSection
	GlobalSection(SolutionProperties) = preSolution
		HideSolutionNode = FALSE
	EndGlobalSection
	GlobalSection(ExtensibilityGlobals) = postSolution
		SolutionGuid = {BCC0DDA0-CF0B-40CE-8A26-C1F353FAEFAB}
	EndGlobalSection
EndGlobal
